// !$*UTF8*$!
{
	archiveVersion = 1;
	classes = {
	};
	objectVersion = 46;
	objects = {

/* Begin PBXBuildFile section */
		525F01CA1A84ED7A00F0432B /* main.m in Sources */ = {isa = PBXBuildFile; fileRef = 525F01C91A84ED7A00F0432B /* main.m */; };
		525F01CD1A84ED7A00F0432B /* AppDelegate.m in Sources */ = {isa = PBXBuildFile; fileRef = 525F01CC1A84ED7A00F0432B /* AppDelegate.m */; };
		525F01D31A84ED7A00F0432B /* Main.storyboard in Resources */ = {isa = PBXBuildFile; fileRef = 525F01D11A84ED7A00F0432B /* Main.storyboard */; };
		525F01D51A84ED7A00F0432B /* Images.xcassets in Resources */ = {isa = PBXBuildFile; fileRef = 525F01D41A84ED7A00F0432B /* Images.xcassets */; };
		525F01E41A84ED7A00F0432B /* StoryboardPagingDemoTests.m in Sources */ = {isa = PBXBuildFile; fileRef = 525F01E31A84ED7A00F0432B /* StoryboardPagingDemoTests.m */; };
		525F01EF1A84EE3200F0432B /* RootViewController.m in Sources */ = {isa = PBXBuildFile; fileRef = 525F01EE1A84EE3200F0432B /* RootViewController.m */; };
		525F01FD1A84F11700F0432B /* Page1ViewController.m in Sources */ = {isa = PBXBuildFile; fileRef = 525F01FC1A84F11700F0432B /* Page1ViewController.m */; };
		525F02001A84F11C00F0432B /* Page2ViewController.m in Sources */ = {isa = PBXBuildFile; fileRef = 525F01FF1A84F11C00F0432B /* Page2ViewController.m */; };
		525F02031A84F12200F0432B /* Page3ViewController.m in Sources */ = {isa = PBXBuildFile; fileRef = 525F02021A84F12200F0432B /* Page3ViewController.m */; };
		525F02061A84F7E800F0432B /* BaseContentViewController.m in Sources */ = {isa = PBXBuildFile; fileRef = 525F02051A84F7E800F0432B /* BaseContentViewController.m */; };
/* End PBXBuildFile section */

/* Begin PBXContainerItemProxy section */
		525F01DE1A84ED7A00F0432B /* PBXContainerItemProxy */ = {
			isa = PBXContainerItemProxy;
			containerPortal = 525F01BC1A84ED7A00F0432B /* Project object */;
			proxyType = 1;
			remoteGlobalIDString = 525F01C31A84ED7A00F0432B;
			remoteInfo = StoryboardPagingDemo;
		};
/* End PBXContainerItemProxy section */

/* Begin PBXFileReference section */
		525F01C41A84ED7A00F0432B /* StoryboardPagingDemo.app */ = {isa = PBXFileReference; explicitFileType = wrapper.application; includeInIndex = 0; path = StoryboardPagingDemo.app; sourceTree = BUILT_PRODUCTS_DIR; };
		525F01C81A84ED7A00F0432B /* Info.plist */ = {isa = PBXFileReference; lastKnownFileType = text.plist.xml; path = Info.plist; sourceTree = "<group>"; };
		525F01C91A84ED7A00F0432B /* main.m */ = {isa = PBXFileReference; lastKnownFileType = sourcecode.c.objc; path = main.m; sourceTree = "<group>"; };
		525F01CB1A84ED7A00F0432B /* AppDelegate.h */ = {isa = PBXFileReference; lastKnownFileType = sourcecode.c.h; path = AppDelegate.h; sourceTree = "<group>"; };
		525F01CC1A84ED7A00F0432B /* AppDelegate.m */ = {isa = PBXFileReference; lastKnownFileType = sourcecode.c.objc; path = AppDelegate.m; sourceTree = "<group>"; };
		525F01D21A84ED7A00F0432B /* Base */ = {isa = PBXFileReference; lastKnownFileType = file.storyboard; name = Base; path = Base.lproj/Main.storyboard; sourceTree = "<group>"; };
		525F01D41A84ED7A00F0432B /* Images.xcassets */ = {isa = PBXFileReference; lastKnownFileType = folder.assetcatalog; path = Images.xcassets; sourceTree = "<group>"; };
		525F01DD1A84ED7A00F0432B /* StoryboardPagingDemoTests.xctest */ = {isa = PBXFileReference; explicitFileType = wrapper.cfbundle; includeInIndex = 0; path = StoryboardPagingDemoTests.xctest; sourceTree = BUILT_PRODUCTS_DIR; };
		525F01E21A84ED7A00F0432B /* Info.plist */ = {isa = PBXFileReference; lastKnownFileType = text.plist.xml; path = Info.plist; sourceTree = "<group>"; };
		525F01E31A84ED7A00F0432B /* StoryboardPagingDemoTests.m */ = {isa = PBXFileReference; lastKnownFileType = sourcecode.c.objc; path = StoryboardPagingDemoTests.m; sourceTree = "<group>"; };
		525F01ED1A84EE3200F0432B /* RootViewController.h */ = {isa = PBXFileReference; fileEncoding = 4; lastKnownFileType = sourcecode.c.h; path = RootViewController.h; sourceTree = "<group>"; };
		525F01EE1A84EE3200F0432B /* RootViewController.m */ = {isa = PBXFileReference; fileEncoding = 4; lastKnownFileType = sourcecode.c.objc; path = RootViewController.m; sourceTree = "<group>"; };
		525F01FB1A84F11700F0432B /* Page1ViewController.h */ = {isa = PBXFileReference; fileEncoding = 4; lastKnownFileType = sourcecode.c.h; path = Page1ViewController.h; sourceTree = "<group>"; };
		525F01FC1A84F11700F0432B /* Page1ViewController.m */ = {isa = PBXFileReference; fileEncoding = 4; lastKnownFileType = sourcecode.c.objc; path = Page1ViewController.m; sourceTree = "<group>"; };
		525F01FE1A84F11C00F0432B /* Page2ViewController.h */ = {isa = PBXFileReference; fileEncoding = 4; lastKnownFileType = sourcecode.c.h; path = Page2ViewController.h; sourceTree = "<group>"; };
		525F01FF1A84F11C00F0432B /* Page2ViewController.m */ = {isa = PBXFileReference; fileEncoding = 4; lastKnownFileType = sourcecode.c.objc; path = Page2ViewController.m; sourceTree = "<group>"; };
		525F02011A84F12200F0432B /* Page3ViewController.h */ = {isa = PBXFileReference; fileEncoding = 4; lastKnownFileType = sourcecode.c.h; path = Page3ViewController.h; sourceTree = "<group>"; };
		525F02021A84F12200F0432B /* Page3ViewController.m */ = {isa = PBXFileReference; fileEncoding = 4; lastKnownFileType = sourcecode.c.objc; path = Page3ViewController.m; sourceTree = "<group>"; };
		525F02041A84F7E800F0432B /* BaseContentViewController.h */ = {isa = PBXFileReference; fileEncoding = 4; lastKnownFileType = sourcecode.c.h; path = BaseContentViewController.h; sourceTree = "<group>"; };
		525F02051A84F7E800F0432B /* BaseContentViewController.m */ = {isa = PBXFileReference; fileEncoding = 4; lastKnownFileType = sourcecode.c.objc; path = BaseContentViewController.m; sourceTree = "<group>"; };
/* End PBXFileReference section */

/* Begin PBXFrameworksBuildPhase section */
		525F01C11A84ED7A00F0432B /* Frameworks */ = {
			isa = PBXFrameworksBuildPhase;
			buildActionMask = 2147483647;
			files = (
			);
			runOnlyForDeploymentPostprocessing = 0;
		};
		525F01DA1A84ED7A00F0432B /* Frameworks */ = {
			isa = PBXFrameworksBuildPhase;
			buildActionMask = 2147483647;
			files = (
			);
			runOnlyForDeploymentPostprocessing = 0;
		};
/* End PBXFrameworksBuildPhase section */

/* Begin PBXGroup section */
		525F01BB1A84ED7A00F0432B = {
			isa = PBXGroup;
			children = (
				525F01C61A84ED7A00F0432B /* StoryboardPagingDemo */,
				525F01E01A84ED7A00F0432B /* StoryboardPagingDemoTests */,
				525F01C51A84ED7A00F0432B /* Products */,
			);
			sourceTree = "<group>";
		};
		525F01C51A84ED7A00F0432B /* Products */ = {
			isa = PBXGroup;
			children = (
				525F01C41A84ED7A00F0432B /* StoryboardPagingDemo.app */,
				525F01DD1A84ED7A00F0432B /* StoryboardPagingDemoTests.xctest */,
			);
			name = Products;
			sourceTree = "<group>";
		};
		525F01C61A84ED7A00F0432B /* StoryboardPagingDemo */ = {
			isa = PBXGroup;
			children = (
				525F01FA1A84F11000F0432B /* ContentViewControllers */,
				525F01CB1A84ED7A00F0432B /* AppDelegate.h */,
				525F01CC1A84ED7A00F0432B /* AppDelegate.m */,
				525F01D41A84ED7A00F0432B /* Images.xcassets */,
				525F01D11A84ED7A00F0432B /* Main.storyboard */,
				525F01ED1A84EE3200F0432B /* RootViewController.h */,
				525F01EE1A84EE3200F0432B /* RootViewController.m */,
				525F01C71A84ED7A00F0432B /* Supporting Files */,
			);
			path = StoryboardPagingDemo;
			sourceTree = "<group>";
		};
		525F01C71A84ED7A00F0432B /* Supporting Files */ = {
			isa = PBXGroup;
			children = (
				525F01C81A84ED7A00F0432B /* Info.plist */,
				525F01C91A84ED7A00F0432B /* main.m */,
			);
			name = "Supporting Files";
			sourceTree = "<group>";
		};
		525F01E01A84ED7A00F0432B /* StoryboardPagingDemoTests */ = {
			isa = PBXGroup;
			children = (
				525F01E31A84ED7A00F0432B /* StoryboardPagingDemoTests.m */,
				525F01E11A84ED7A00F0432B /* Supporting Files */,
			);
			path = StoryboardPagingDemoTests;
			sourceTree = "<group>";
		};
		525F01E11A84ED7A00F0432B /* Supporting Files */ = {
			isa = PBXGroup;
			children = (
				525F01E21A84ED7A00F0432B /* Info.plist */,
			);
			name = "Supporting Files";
			sourceTree = "<group>";
		};
		525F01FA1A84F11000F0432B /* ContentViewControllers */ = {
			isa = PBXGroup;
			children = (
				525F01FB1A84F11700F0432B /* Page1ViewController.h */,
				525F01FC1A84F11700F0432B /* Page1ViewController.m */,
				525F01FE1A84F11C00F0432B /* Page2ViewController.h */,
				525F01FF1A84F11C00F0432B /* Page2ViewController.m */,
				525F02011A84F12200F0432B /* Page3ViewController.h */,
				525F02021A84F12200F0432B /* Page3ViewController.m */,
				525F02041A84F7E800F0432B /* BaseContentViewController.h */,
				525F02051A84F7E800F0432B /* BaseContentViewController.m */,
			);
			path = ContentViewControllers;
			sourceTree = "<group>";
		};
/* End PBXGroup section */

/* Begin PBXNativeTarget section */
		525F01C31A84ED7A00F0432B /* StoryboardPagingDemo */ = {
			isa = PBXNativeTarget;
			buildConfigurationList = 525F01E71A84ED7A00F0432B /* Build configuration list for PBXNativeTarget "StoryboardPagingDemo" */;
			buildPhases = (
				525F01C01A84ED7A00F0432B /* Sources */,
				525F01C11A84ED7A00F0432B /* Frameworks */,
				525F01C21A84ED7A00F0432B /* Resources */,
			);
			buildRules = (
			);
			dependencies = (
			);
			name = StoryboardPagingDemo;
			productName = StoryboardPagingDemo;
			productReference = 525F01C41A84ED7A00F0432B /* StoryboardPagingDemo.app */;
			productType = "com.apple.product-type.application";
		};
		525F01DC1A84ED7A00F0432B /* StoryboardPagingDemoTests */ = {
			isa = PBXNativeTarget;
			buildConfigurationList = 525F01EA1A84ED7A00F0432B /* Build configuration list for PBXNativeTarget "StoryboardPagingDemoTests" */;
			buildPhases = (
				525F01D91A84ED7A00F0432B /* Sources */,
				525F01DA1A84ED7A00F0432B /* Frameworks */,
				525F01DB1A84ED7A00F0432B /* Resources */,
			);
			buildRules = (
			);
			dependencies = (
				525F01DF1A84ED7A00F0432B /* PBXTargetDependency */,
			);
			name = StoryboardPagingDemoTests;
			productName = StoryboardPagingDemoTests;
			productReference = 525F01DD1A84ED7A00F0432B /* StoryboardPagingDemoTests.xctest */;
			productType = "com.apple.product-type.bundle.unit-test";
		};
/* End PBXNativeTarget section */

/* Begin PBXProject section */
		525F01BC1A84ED7A00F0432B /* Project object */ = {
			isa = PBXProject;
			attributes = {
				LastUpgradeCheck = 0610;
				ORGANIZATIONNAME = "Derek Lee";
				TargetAttributes = {
					525F01C31A84ED7A00F0432B = {
						CreatedOnToolsVersion = 6.1.1;
					};
					525F01DC1A84ED7A00F0432B = {
						CreatedOnToolsVersion = 6.1.1;
						TestTargetID = 525F01C31A84ED7A00F0432B;
					};
				};
			};
			buildConfigurationList = 525F01BF1A84ED7A00F0432B /* Build configuration list for PBXProject "StoryboardPagingDemo" */;
			compatibilityVersion = "Xcode 3.2";
			developmentRegion = English;
			hasScannedForEncodings = 0;
			knownRegions = (
				en,
				Base,
			);
			mainGroup = 525F01BB1A84ED7A00F0432B;
			productRefGroup = 525F01C51A84ED7A00F0432B /* Products */;
			projectDirPath = "";
			projectRoot = "";
			targets = (
				525F01C31A84ED7A00F0432B /* StoryboardPagingDemo */,
				525F01DC1A84ED7A00F0432B /* StoryboardPagingDemoTests */,
			);
		};
/* End PBXProject section */

/* Begin PBXResourcesBuildPhase section */
		525F01C21A84ED7A00F0432B /* Resources */ = {
			isa = PBXResourcesBuildPhase;
			buildActionMask = 2147483647;
			files = (
				525F01D31A84ED7A00F0432B /* Main.storyboard in Resources */,
				525F01D51A84ED7A00F0432B /* Images.xcassets in Resources */,
			);
			runOnlyForDeploymentPostprocessing = 0;
		};
		525F01DB1A84ED7A00F0432B /* Resources */ = {
			isa = PBXResourcesBuildPhase;
			buildActionMask = 2147483647;
			files = (
			);
			runOnlyForDeploymentPostprocessing = 0;
		};
/* End PBXResourcesBuildPhase section */

/* Begin PBXSourcesBuildPhase section */
		525F01C01A84ED7A00F0432B /* Sources */ = {
			isa = PBXSourcesBuildPhase;
			buildActionMask = 2147483647;
			files = (
				525F02061A84F7E800F0432B /* BaseContentViewController.m in Sources */,
				525F01CD1A84ED7A00F0432B /* AppDelegate.m in Sources */,
				525F02031A84F12200F0432B /* Page3ViewController.m in Sources */,
				525F01FD1A84F11700F0432B /* Page1ViewController.m in Sources */,
				525F01EF1A84EE3200F0432B /* RootViewController.m in Sources */,
				525F01CA1A84ED7A00F0432B /* main.m in Sources */,
				525F02001A84F11C00F0432B /* Page2ViewController.m in Sources */,
			);
			runOnlyForDeploymentPostprocessing = 0;
		};
		525F01D91A84ED7A00F0432B /* Sources */ = {
			isa = PBXSourcesBuildPhase;
			buildActionMask = 2147483647;
			files = (
				525F01E41A84ED7A00F0432B /* StoryboardPagingDemoTests.m in Sources */,
			);
			runOnlyForDeploymentPostprocessing = 0;
		};
/* End PBXSourcesBuildPhase section */

/* Begin PBXTargetDependency section */
		525F01DF1A84ED7A00F0432B /* PBXTargetDependency */ = {
			isa = PBXTargetDependency;
			target = 525F01C31A84ED7A00F0432B /* StoryboardPagingDemo */;
			targetProxy = 525F01DE1A84ED7A00F0432B /* PBXContainerItemProxy */;
		};
/* End PBXTargetDependency section */

/* Begin PBXVariantGroup section */
		525F01D11A84ED7A00F0432B /* Main.storyboard */ = {
			isa = PBXVariantGroup;
			children = (
				525F01D21A84ED7A00F0432B /* Base */,
			);
			name = Main.storyboard;
			sourceTree = "<group>";
		};
/* End PBXVariantGroup section */

/* Begin XCBuildConfiguration section */
		525F01E51A84ED7A00F0432B /* Debug */ = {
			isa = XCBuildConfiguration;
			buildSettings = {
				ALWAYS_SEARCH_USER_PATHS = NO;
				CLANG_CXX_LANGUAGE_STANDARD = "gnu++0x";
				CLANG_CXX_LIBRARY = "libc++";
				CLANG_ENABLE_MODULES = YES;
				CLANG_ENABLE_OBJC_ARC = YES;
				CLANG_WARN_BOOL_CONVERSION = YES;
				CLANG_WARN_CONSTANT_CONVERSION = YES;
				CLANG_WARN_DIRECT_OBJC_ISA_USAGE = YES_ERROR;
				CLANG_WARN_EMPTY_BODY = YES;
				CLANG_WARN_ENUM_CONVERSION = YES;
				CLANG_WARN_INT_CONVERSION = YES;
				CLANG_WARN_OBJC_ROOT_CLASS = YES_ERROR;
				CLANG_WARN_UNREACHABLE_CODE = YES;
				CLANG_WARN__DUPLICATE_METHOD_MATCH = YES;
				"CODE_SIGN_IDENTITY[sdk=iphoneos*]" = "iPhone Developer";
				COPY_PHASE_STRIP = NO;
				ENABLE_STRICT_OBJC_MSGSEND = YES;
				GCC_C_LANGUAGE_STANDARD = gnu99;
				GCC_DYNAMIC_NO_PIC = NO;
				GCC_OPTIMIZATION_LEVEL = 0;
				GCC_PREPROCESSOR_DEFINITIONS = (
					"DEBUG=1",
					"$(inherited)",
				);
				GCC_SYMBOLS_PRIVATE_EXTERN = NO;
				GCC_WARN_64_TO_32_BIT_CONVERSION = YES;
				GCC_WARN_ABOUT_RETURN_TYPE = YES_ERROR;
				GCC_WARN_UNDECLARED_SELECTOR = YES;
				GCC_WARN_UNINITIALIZED_AUTOS = YES_AGGRESSIVE;
				GCC_WARN_UNUSED_FUNCTION = YES;
				GCC_WARN_UNUSED_VARIABLE = YES;
				IPHONEOS_DEPLOYMENT_TARGET = 8.1;
				MTL_ENABLE_DEBUG_INFO = YES;
				ONLY_ACTIVE_ARCH = YES;
				SDKROOT = iphoneos;
				TARGETED_DEVICE_FAMILY = 2;
			};
			name = Debug;
		};
		525F01E61A84ED7A00F0432B /* Release */ = {
			isa = XCBuildConfiguration;
			buildSettings = {
				ALWAYS_SEARCH_USER_PATHS = NO;
				CLANG_CXX_LANGUAGE_STANDARD = "gnu++0x";
				CLANG_CXX_LIBRARY = "libc++";
				CLANG_ENABLE_MODULES = YES;
				CLANG_ENABLE_OBJC_ARC = YES;
				CLANG_WARN_BOOL_CONVERSION = YES;
				CLANG_WARN_CONSTANT_CONVERSION = YES;
				CLANG_WARN_DIRECT_OBJC_ISA_USAGE = YES_ERROR;
				CLANG_WARN_EMPTY_BODY = YES;
				CLANG_WARN_ENUM_CONVERSION = YES;
				CLANG_WARN_INT_CONVERSION = YES;
				CLANG_WARN_OBJC_ROOT_CLASS = YES_ERROR;
				CLANG_WARN_UNREACHABLE_CODE = YES;
				CLANG_WARN__DUPLICATE_METHOD_MATCH = YES;
				"CODE_SIGN_IDENTITY[sdk=iphoneos*]" = "iPhone Developer";
				COPY_PHASE_STRIP = YES;
				ENABLE_NS_ASSERTIONS = NO;
				ENABLE_STRICT_OBJC_MSGSEND = YES;
				GCC_C_LANGUAGE_STANDARD = gnu99;
				GCC_WARN_64_TO_32_BIT_CONVERSION = YES;
				GCC_WARN_ABOUT_RETURN_TYPE = YES_ERROR;
				GCC_WARN_UNDECLARED_SELECTOR = YES;
				GCC_WARN_UNINITIALIZED_AUTOS = YES_AGGRESSIVE;
				GCC_WARN_UNUSED_FUNCTION = YES;
				GCC_WARN_UNUSED_VARIABLE = YES;
				IPHONEOS_DEPLOYMENT_TARGET = 8.1;
				MTL_ENABLE_DEBUG_INFO = NO;
				SDKROOT = iphoneos;
				TARGETED_DEVICE_FAMILY = 2;
				VALIDATE_PRODUCT = YES;
			};
			name = Release;
		};
		525F01E81A84ED7A00F0432B /* Debug */ = {
			isa = XCBuildConfiguration;
			buildSettings = {
				ASSETCATALOG_COMPILER_APPICON_NAME = AppIcon;
				INFOPLIST_FILE = StoryboardPagingDemo/Info.plist;
				LD_RUNPATH_SEARCH_PATHS = "$(inherited) @executable_path/Frameworks";
				PRODUCT_NAME = "$(TARGET_NAME)";
			};
			name = Debug;
		};
		525F01E91A84ED7A00F0432B /* Release */ = {
			isa = XCBuildConfiguration;
			buildSettings = {
				ASSETCATALOG_COMPILER_APPICON_NAME = AppIcon;
				INFOPLIST_FILE = StoryboardPagingDemo/Info.plist;
				LD_RUNPATH_SEARCH_PATHS = "$(inherited) @executable_path/Frameworks";
				PRODUCT_NAME = "$(TARGET_NAME)";
			};
			name = Release;
		};
		525F01EB1A84ED7A00F0432B /* Debug */ = {
			isa = XCBuildConfiguration;
			buildSettings = {
				BUNDLE_LOADER = "$(TEST_HOST)";
				FRAMEWORK_SEARCH_PATHS = (
					"$(SDKROOT)/Developer/Library/Frameworks",
					"$(inherited)",
				);
				GCC_PREPROCESSOR_DEFINITIONS = (
					"DEBUG=1",
					"$(inherited)",
				);
				INFOPLIST_FILE = StoryboardPagingDemoTests/Info.plist;
				LD_RUNPATH_SEARCH_PATHS = "$(inherited) @executable_path/Frameworks @loader_path/Frameworks";
				PRODUCT_NAME = "$(TARGET_NAME)";
				TEST_HOST = "$(BUILT_PRODUCTS_DIR)/StoryboardPagingDemo.app/StoryboardPagingDemo";
			};
			name = Debug;
		};
		525F01EC1A84ED7A00F0432B /* Release */ = {
			isa = XCBuildConfiguration;
			buildSettings = {
				BUNDLE_LOADER = "$(TEST_HOST)";
				FRAMEWORK_SEARCH_PATHS = (
					"$(SDKROOT)/Developer/Library/Frameworks",
					"$(inherited)",
				);
				INFOPLIST_FILE = StoryboardPagingDemoTests/Info.plist;
				LD_RUNPATH_SEARCH_PATHS = "$(inherited) @executable_path/Frameworks @loader_path/Frameworks";
				PRODUCT_NAME = "$(TARGET_NAME)";
				TEST_HOST = "$(BUILT_PRODUCTS_DIR)/StoryboardPagingDemo.app/StoryboardPagingDemo";
			};
			name = Release;
		};
/* End XCBuildConfiguration section */

/* Begin XCConfigurationList section */
		525F01BF1A84ED7A00F0432B /* Build configuration list for PBXProject "StoryboardPagingDemo" */ = {
			isa = XCConfigurationList;
			buildConfigurations = (
				525F01E51A84ED7A00F0432B /* Debug */,
				525F01E61A84ED7A00F0432B /* Release */,
			);
			defaultConfigurationIsVisible = 0;
			defaultConfigurationName = Release;
		};
		525F01E71A84ED7A00F0432B /* Build configuration list for PBXNativeTarget "StoryboardPagingDemo" */ = {
			isa = XCConfigurationList;
			buildConfigurations = (
				525F01E81A84ED7A00F0432B /* Debug */,
				525F01E91A84ED7A00F0432B /* Release */,
			);
			defaultConfigurationIsVisible = 0;
		};
		525F01EA1A84ED7A00F0432B /* Build configuration list for PBXNativeTarget "StoryboardPagingDemoTests" */ = {
			isa = XCConfigurationList;
			buildConfigurations = (
				525F01EB1A84ED7A00F0432B /* Debug */,
				525F01EC1A84ED7A00F0432B /* Release */,
			);
			defaultConfigurationIsVisible = 0;
		};
/* End XCConfigurationList section */
	};
	rootObject = 525F01BC1A84ED7A00F0432B /* Project object */;
}
